
Microsoft Visual Studio Solution File, Format Version 12.00
# Visual Studio Version 17
VisualStudioVersion = 17.10.34928.147
MinimumVisualStudioVersion = 10.0.40219.1
Project("{FAE04EC0-301F-11D3-BF4B-00C04F79EFBC}") = "Service", "Service\Service.csproj", "{3A3BEEEC-C713-4993-A63A-97AE0DECCC03}"
EndProject
Global
	GlobalSection(SolutionConfigurationPlatforms) = preSolution
		Debug|Any CPU = Debug|Any CPU
		Release|Any CPU = Release|Any CPU
	EndGlobalSection
	GlobalSection(ProjectConfigurationPlatforms) = postSolution
		{3A3BEEEC-C713-4993-A63A-97AE0DECCC03}.Debug|Any CPU.ActiveCfg = Debug|Any CPU
		{3A3BEEEC-C713-4993-A63A-97AE0DECCC03}.Debug|Any CPU.Build.0 = Debug|Any CPU
		{3A3BEEEC-C713-4993-A63A-97AE0DECCC03}.Release|Any CPU.ActiveCfg = Release|Any CPU
		{3A3BEEEC-C713-4993-A63A-97AE0DECCC03}.Release|Any CPU.Build.0 = Release|Any CPU
	EndGlobalSection
	GlobalSection(SolutionProperties) = preSolution
		HideSolutionNode = FALSE
	EndGlobalSection
	GlobalSection(ExtensibilityGlobals) = postSolution
		SolutionGuid = {6A2F55DB-B2C0-41B3-A529-51D99A7DD45C}
	EndGlobalSection
EndGlobal
