
Microsoft Visual Studio Solution File, Format Version 12.00
# Visual Studio Version 17
VisualStudioVersion = 17.10.34916.146
MinimumVisualStudioVersion = 10.0.40219.1
Project("{FAE04EC0-301F-11D3-BF4B-00C04F79EFBC}") = "blocage", "blocage\blocage.csproj", "{AE6C6A29-AE71-4B3D-B051-31F2DC93EA9B}"
EndProject
Global
	GlobalSection(SolutionConfigurationPlatforms) = preSolution
		Debug|Any CPU = Debug|Any CPU
		Release|Any CPU = Release|Any CPU
	EndGlobalSection
	GlobalSection(ProjectConfigurationPlatforms) = postSolution
		{AE6C6A29-AE71-4B3D-B051-31F2DC93EA9B}.Debug|Any CPU.ActiveCfg = Debug|Any CPU
		{AE6C6A29-AE71-4B3D-B051-31F2DC93EA9B}.Debug|Any CPU.Build.0 = Debug|Any CPU
		{AE6C6A29-AE71-4B3D-B051-31F2DC93EA9B}.Release|Any CPU.ActiveCfg = Release|Any CPU
		{AE6C6A29-AE71-4B3D-B051-31F2DC93EA9B}.Release|Any CPU.Build.0 = Release|Any CPU
	EndGlobalSection
	GlobalSection(SolutionProperties) = preSolution
		HideSolutionNode = FALSE
	EndGlobalSection
	GlobalSection(ExtensibilityGlobals) = postSolution
		SolutionGuid = {CDCC4A21-E400-4426-8E7A-ABD6D006B1B4}
	EndGlobalSection
EndGlobal
